
Microsoft Visual Studio Solution File, Format Version 12.00
# Visual Studio Version 17
VisualStudioVersion = 17.3.32825.248
MinimumVisualStudioVersion = 10.0.40219.1
Project("{FAE04EC0-301F-11D3-BF4B-00C04F79EFBC}") = "gissaTalet", "gissaTalet\gissaTalet.csproj", "{28871C5A-D8BA-4EAB-866F-24029D2075A1}"
EndProject
Global
	GlobalSection(SolutionConfigurationPlatforms) = preSolution
		Debug|Any CPU = Debug|Any CPU
		Release|Any CPU = Release|Any CPU
	EndGlobalSection
	GlobalSection(ProjectConfigurationPlatforms) = postSolution
		{28871C5A-D8BA-4EAB-866F-24029D2075A1}.Debug|Any CPU.ActiveCfg = Debug|Any CPU
		{28871C5A-D8BA-4EAB-866F-24029D2075A1}.Debug|Any CPU.Build.0 = Debug|Any CPU
		{28871C5A-D8BA-4EAB-866F-24029D2075A1}.Release|Any CPU.ActiveCfg = Release|Any CPU
		{28871C5A-D8BA-4EAB-866F-24029D2075A1}.Release|Any CPU.Build.0 = Release|Any CPU
	EndGlobalSection
	GlobalSection(SolutionProperties) = preSolution
		HideSolutionNode = FALSE
	EndGlobalSection
	GlobalSection(ExtensibilityGlobals) = postSolution
		SolutionGuid = {58EC0DB8-7609-4C19-B8D5-22259CABA99E}
	EndGlobalSection
EndGlobal
